// !$*UTF8*$!
{
	archiveVersion = 1;
	classes = {
	};
	objectVersion = 50;
	objects = {

/* Begin PBXBuildFile section */
		92A73BBF22DBACEA002AFB70 /* AppDelegate.swift in Sources */ = {isa = PBXBuildFile; fileRef = 92A73BBE22DBACEA002AFB70 /* AppDelegate.swift */; };
		92A73BC122DBACEA002AFB70 /* HomeViewController.swift in Sources */ = {isa = PBXBuildFile; fileRef = 92A73BC022DBACEA002AFB70 /* HomeViewController.swift */; };
		92A73BC422DBACEA002AFB70 /* Main.storyboard in Resources */ = {isa = PBXBuildFile; fileRef = 92A73BC222DBACEA002AFB70 /* Main.storyboard */; };
		92A73BC622DBACEB002AFB70 /* Assets.xcassets in Resources */ = {isa = PBXBuildFile; fileRef = 92A73BC522DBACEB002AFB70 /* Assets.xcassets */; };
		92A73BC922DBACEB002AFB70 /* LaunchScreen.storyboard in Resources */ = {isa = PBXBuildFile; fileRef = 92A73BC722DBACEB002AFB70 /* LaunchScreen.storyboard */; };
		92A73BD722DBAD58002AFB70 /* AppDelegate.swift in Sources */ = {isa = PBXBuildFile; fileRef = 92A73BD622DBAD58002AFB70 /* AppDelegate.swift */; };
		92A73BD922DBAD58002AFB70 /* AdminHomeViewController.swift in Sources */ = {isa = PBXBuildFile; fileRef = 92A73BD822DBAD58002AFB70 /* AdminHomeViewController.swift */; };
		92A73BDC22DBAD58002AFB70 /* Main.storyboard in Resources */ = {isa = PBXBuildFile; fileRef = 92A73BDA22DBAD58002AFB70 /* Main.storyboard */; };
		92A73BE122DBAD59002AFB70 /* LaunchScreen.storyboard in Resources */ = {isa = PBXBuildFile; fileRef = 92A73BDF22DBAD59002AFB70 /* LaunchScreen.storyboard */; };
		92A73BE722DBADB0002AFB70 /* Assets.xcassets in Resources */ = {isa = PBXBuildFile; fileRef = 92A73BC522DBACEB002AFB70 /* Assets.xcassets */; };
		A52FBC4722F48B1D00173A9B /* AdminProductsViewController.swift in Sources */ = {isa = PBXBuildFile; fileRef = A52FBC4622F48B1D00173A9B /* AdminProductsViewController.swift */; };
		A52FBC4922F48D4900173A9B /* AddEditProductViewController.swift in Sources */ = {isa = PBXBuildFile; fileRef = A52FBC4822F48D4900173A9B /* AddEditProductViewController.swift */; };
		A54E892222E0BBDB00886DBE /* ForgotPasswordViewController.swift in Sources */ = {isa = PBXBuildFile; fileRef = A54E892022E0BBDB00886DBE /* ForgotPasswordViewController.swift */; };
		A54E892322E0BBDB00886DBE /* ForgotPasswordViewController.xib in Resources */ = {isa = PBXBuildFile; fileRef = A54E892122E0BBDB00886DBE /* ForgotPasswordViewController.xib */; };
		A54E892522E21CFB00886DBE /* FirebaseUtils.swift in Sources */ = {isa = PBXBuildFile; fileRef = A54E892422E21CFB00886DBE /* FirebaseUtils.swift */; };
		A54E892622E21D8800886DBE /* FirebaseUtils.swift in Sources */ = {isa = PBXBuildFile; fileRef = A54E892422E21CFB00886DBE /* FirebaseUtils.swift */; };
		A54E892922E220B000886DBE /* Category.swift in Sources */ = {isa = PBXBuildFile; fileRef = A54E892822E220B000886DBE /* Category.swift */; };
		A54E892A22E220B000886DBE /* Category.swift in Sources */ = {isa = PBXBuildFile; fileRef = A54E892822E220B000886DBE /* Category.swift */; };
		A56534D722DCBEC90047E0FE /* LoginStoryboard.storyboard in Resources */ = {isa = PBXBuildFile; fileRef = A56534D622DCBEC90047E0FE /* LoginStoryboard.storyboard */; };
		A56534D922DCCC980047E0FE /* GoogleService-Info.plist in Resources */ = {isa = PBXBuildFile; fileRef = A56534D822DCCC980047E0FE /* GoogleService-Info.plist */; };
		A56534DB22DCCD660047E0FE /* GoogleService-Info.plist in Resources */ = {isa = PBXBuildFile; fileRef = A56534DA22DCCD660047E0FE /* GoogleService-Info.plist */; };
		A56534DF22DE09F90047E0FE /* LoginViewController.swift in Sources */ = {isa = PBXBuildFile; fileRef = A56534DE22DE09F90047E0FE /* LoginViewController.swift */; };
		A56534E122DE0A050047E0FE /* RegisterViewController.swift in Sources */ = {isa = PBXBuildFile; fileRef = A56534E022DE0A050047E0FE /* RegisterViewController.swift */; };
		A56534E422DE0D6B0047E0FE /* Extensions.swift in Sources */ = {isa = PBXBuildFile; fileRef = A56534E322DE0D6B0047E0FE /* Extensions.swift */; };
		A56534E622DE10DA0047E0FE /* Constants.swift in Sources */ = {isa = PBXBuildFile; fileRef = A56534E522DE10DA0047E0FE /* Constants.swift */; };
		A56534E922DF53970047E0FE /* RoundedViews.swift in Sources */ = {isa = PBXBuildFile; fileRef = A56534E822DF53970047E0FE /* RoundedViews.swift */; };
		A570E7DE22FB07C9006A3B4C /* UserService.swift in Sources */ = {isa = PBXBuildFile; fileRef = A570E7DD22FB07C9006A3B4C /* UserService.swift */; };
		A5C9B23622F08B6A007D90B3 /* HomeViewController.swift in Sources */ = {isa = PBXBuildFile; fileRef = 92A73BC022DBACEA002AFB70 /* HomeViewController.swift */; };
		A5C9B23722F08C31007D90B3 /* Extensions.swift in Sources */ = {isa = PBXBuildFile; fileRef = A56534E322DE0D6B0047E0FE /* Extensions.swift */; };
		A5C9B23822F08C35007D90B3 /* Constants.swift in Sources */ = {isa = PBXBuildFile; fileRef = A56534E522DE10DA0047E0FE /* Constants.swift */; };
		A5C9B23922F08C5B007D90B3 /* RoundedViews.swift in Sources */ = {isa = PBXBuildFile; fileRef = A56534E822DF53970047E0FE /* RoundedViews.swift */; };
		A5C9B23A22F08CD1007D90B3 /* ProductDetailViewController.swift in Sources */ = {isa = PBXBuildFile; fileRef = A5D13AA422EF37B900F6EA4E /* ProductDetailViewController.swift */; };
		A5C9B23B22F08CDB007D90B3 /* ProductDetailViewController.xib in Resources */ = {isa = PBXBuildFile; fileRef = A5D13AA522EF37B900F6EA4E /* ProductDetailViewController.xib */; };
		A5C9B23D22F08D88007D90B3 /* AddEditCategoryViewController.swift in Sources */ = {isa = PBXBuildFile; fileRef = A5C9B23C22F08D88007D90B3 /* AddEditCategoryViewController.swift */; };
		A5CD7A7922FDABC200B16237 /* CheckoutViewController.swift in Sources */ = {isa = PBXBuildFile; fileRef = A5CD7A7822FDABC200B16237 /* CheckoutViewController.swift */; };
		A5CD7A7C22FDAE9500B16237 /* CardItemCell.swift in Sources */ = {isa = PBXBuildFile; fileRef = A5CD7A7A22FDAE9500B16237 /* CardItemCell.swift */; };
		A5CD7A7D22FDAE9500B16237 /* CardItemCell.xib in Resources */ = {isa = PBXBuildFile; fileRef = A5CD7A7B22FDAE9500B16237 /* CardItemCell.xib */; };
		A5CD7A8022FDB0B700B16237 /* StripeCart.swift in Sources */ = {isa = PBXBuildFile; fileRef = A5CD7A7F22FDB0B700B16237 /* StripeCart.swift */; };
		A5D13AA622EF37B900F6EA4E /* ProductDetailViewController.swift in Sources */ = {isa = PBXBuildFile; fileRef = A5D13AA422EF37B900F6EA4E /* ProductDetailViewController.swift */; };
		A5D13AA722EF37B900F6EA4E /* ProductDetailViewController.xib in Resources */ = {isa = PBXBuildFile; fileRef = A5D13AA522EF37B900F6EA4E /* ProductDetailViewController.xib */; };
		A5D7308A22F9C0D300149E00 /* User.swift in Sources */ = {isa = PBXBuildFile; fileRef = A5D7308922F9C0D300149E00 /* User.swift */; };
		A5EC3DF322E5F2190042FF72 /* CategoryCell.swift in Sources */ = {isa = PBXBuildFile; fileRef = A5EC3DF122E5F2190042FF72 /* CategoryCell.swift */; };
		A5EC3DF422E5F2190042FF72 /* CategoryCell.swift in Sources */ = {isa = PBXBuildFile; fileRef = A5EC3DF122E5F2190042FF72 /* CategoryCell.swift */; };
		A5EC3DF522E5F2190042FF72 /* CategoryCell.xib in Resources */ = {isa = PBXBuildFile; fileRef = A5EC3DF222E5F2190042FF72 /* CategoryCell.xib */; };
		A5EC3DF622E5F2190042FF72 /* CategoryCell.xib in Resources */ = {isa = PBXBuildFile; fileRef = A5EC3DF222E5F2190042FF72 /* CategoryCell.xib */; };
		A5EC3DFA22E5F7BA0042FF72 /* ProductsViewController.swift in Sources */ = {isa = PBXBuildFile; fileRef = A5EC3DF922E5F7BA0042FF72 /* ProductsViewController.swift */; };
		A5EC3DFB22E5F7D80042FF72 /* ProductsViewController.swift in Sources */ = {isa = PBXBuildFile; fileRef = A5EC3DF922E5F7BA0042FF72 /* ProductsViewController.swift */; };
		A5EC3DFD22E5F8240042FF72 /* Product.swift in Sources */ = {isa = PBXBuildFile; fileRef = A5EC3DFC22E5F8240042FF72 /* Product.swift */; };
		A5EC3DFE22E5F8240042FF72 /* Product.swift in Sources */ = {isa = PBXBuildFile; fileRef = A5EC3DFC22E5F8240042FF72 /* Product.swift */; };
		A5EC3E0122E5F8EA0042FF72 /* ProductCell.swift in Sources */ = {isa = PBXBuildFile; fileRef = A5EC3DFF22E5F8EA0042FF72 /* ProductCell.swift */; };
		A5EC3E0222E5F8EA0042FF72 /* ProductCell.swift in Sources */ = {isa = PBXBuildFile; fileRef = A5EC3DFF22E5F8EA0042FF72 /* ProductCell.swift */; };
		A5EC3E0322E5F8EA0042FF72 /* ProductCell.xib in Resources */ = {isa = PBXBuildFile; fileRef = A5EC3E0022E5F8EA0042FF72 /* ProductCell.xib */; };
		A5EC3E0422E5F8EA0042FF72 /* ProductCell.xib in Resources */ = {isa = PBXBuildFile; fileRef = A5EC3E0022E5F8EA0042FF72 /* ProductCell.xib */; };
		B2F5F37697CB16FD2762172E /* Pods_Artable.framework in Frameworks */ = {isa = PBXBuildFile; fileRef = 5EE17469429C4864C087F8DC /* Pods_Artable.framework */; };
		E4E0BB397F2582686A1A76F7 /* Pods_ArtableAdmin.framework in Frameworks */ = {isa = PBXBuildFile; fileRef = 9E926DF0CA410FDFF0F7BB9A /* Pods_ArtableAdmin.framework */; };
/* End PBXBuildFile section */

/* Begin PBXFileReference section */
		01DB327C41D8E405A17DB827 /* Pods-Artable.debug.xcconfig */ = {isa = PBXFileReference; includeInIndex = 1; lastKnownFileType = text.xcconfig; name = "Pods-Artable.debug.xcconfig"; path = "Pods/Target Support Files/Pods-Artable/Pods-Artable.debug.xcconfig"; sourceTree = "<group>"; };
		0A3D2BD36CEA864F3C083A16 /* Pods-ArtableAdmin.debug.xcconfig */ = {isa = PBXFileReference; includeInIndex = 1; lastKnownFileType = text.xcconfig; name = "Pods-ArtableAdmin.debug.xcconfig"; path = "Pods/Target Support Files/Pods-ArtableAdmin/Pods-ArtableAdmin.debug.xcconfig"; sourceTree = "<group>"; };
		2FF3F729B4BFC37C7D6E68BC /* Pods-ArtableAdmin.release.xcconfig */ = {isa = PBXFileReference; includeInIndex = 1; lastKnownFileType = text.xcconfig; name = "Pods-ArtableAdmin.release.xcconfig"; path = "Pods/Target Support Files/Pods-ArtableAdmin/Pods-ArtableAdmin.release.xcconfig"; sourceTree = "<group>"; };
		5EE17469429C4864C087F8DC /* Pods_Artable.framework */ = {isa = PBXFileReference; explicitFileType = wrapper.framework; includeInIndex = 0; path = Pods_Artable.framework; sourceTree = BUILT_PRODUCTS_DIR; };
		68747D27C427AC5BAC38A0F3 /* Pods-Artable.release.xcconfig */ = {isa = PBXFileReference; includeInIndex = 1; lastKnownFileType = text.xcconfig; name = "Pods-Artable.release.xcconfig"; path = "Pods/Target Support Files/Pods-Artable/Pods-Artable.release.xcconfig"; sourceTree = "<group>"; };
		92A73BBB22DBACEA002AFB70 /* Artable.app */ = {isa = PBXFileReference; explicitFileType = wrapper.application; includeInIndex = 0; path = Artable.app; sourceTree = BUILT_PRODUCTS_DIR; };
		92A73BBE22DBACEA002AFB70 /* AppDelegate.swift */ = {isa = PBXFileReference; lastKnownFileType = sourcecode.swift; path = AppDelegate.swift; sourceTree = "<group>"; };
		92A73BC022DBACEA002AFB70 /* HomeViewController.swift */ = {isa = PBXFileReference; lastKnownFileType = sourcecode.swift; path = HomeViewController.swift; sourceTree = "<group>"; };
		92A73BC322DBACEA002AFB70 /* Base */ = {isa = PBXFileReference; lastKnownFileType = file.storyboard; name = Base; path = Base.lproj/Main.storyboard; sourceTree = "<group>"; };
		92A73BC522DBACEB002AFB70 /* Assets.xcassets */ = {isa = PBXFileReference; lastKnownFileType = folder.assetcatalog; path = Assets.xcassets; sourceTree = "<group>"; };
		92A73BC822DBACEB002AFB70 /* Base */ = {isa = PBXFileReference; lastKnownFileType = file.storyboard; name = Base; path = Base.lproj/LaunchScreen.storyboard; sourceTree = "<group>"; };
		92A73BCA22DBACEB002AFB70 /* Info.plist */ = {isa = PBXFileReference; lastKnownFileType = text.plist.xml; path = Info.plist; sourceTree = "<group>"; };
		92A73BD422DBAD58002AFB70 /* ArtableAdmin.app */ = {isa = PBXFileReference; explicitFileType = wrapper.application; includeInIndex = 0; path = ArtableAdmin.app; sourceTree = BUILT_PRODUCTS_DIR; };
		92A73BD622DBAD58002AFB70 /* AppDelegate.swift */ = {isa = PBXFileReference; lastKnownFileType = sourcecode.swift; path = AppDelegate.swift; sourceTree = "<group>"; };
		92A73BD822DBAD58002AFB70 /* AdminHomeViewController.swift */ = {isa = PBXFileReference; lastKnownFileType = sourcecode.swift; path = AdminHomeViewController.swift; sourceTree = "<group>"; };
		92A73BDB22DBAD58002AFB70 /* Base */ = {isa = PBXFileReference; lastKnownFileType = file.storyboard; name = Base; path = Base.lproj/Main.storyboard; sourceTree = "<group>"; };
		92A73BE022DBAD59002AFB70 /* Base */ = {isa = PBXFileReference; lastKnownFileType = file.storyboard; name = Base; path = Base.lproj/LaunchScreen.storyboard; sourceTree = "<group>"; };
		92A73BE222DBAD59002AFB70 /* Info.plist */ = {isa = PBXFileReference; lastKnownFileType = text.plist.xml; path = Info.plist; sourceTree = "<group>"; };
		9E926DF0CA410FDFF0F7BB9A /* Pods_ArtableAdmin.framework */ = {isa = PBXFileReference; explicitFileType = wrapper.framework; includeInIndex = 0; path = Pods_ArtableAdmin.framework; sourceTree = BUILT_PRODUCTS_DIR; };
		A52FBC4622F48B1D00173A9B /* AdminProductsViewController.swift */ = {isa = PBXFileReference; lastKnownFileType = sourcecode.swift; path = AdminProductsViewController.swift; sourceTree = "<group>"; };
		A52FBC4822F48D4900173A9B /* AddEditProductViewController.swift */ = {isa = PBXFileReference; lastKnownFileType = sourcecode.swift; path = AddEditProductViewController.swift; sourceTree = "<group>"; };
		A54E892022E0BBDB00886DBE /* ForgotPasswordViewController.swift */ = {isa = PBXFileReference; lastKnownFileType = sourcecode.swift; path = ForgotPasswordViewController.swift; sourceTree = "<group>"; };
		A54E892122E0BBDB00886DBE /* ForgotPasswordViewController.xib */ = {isa = PBXFileReference; lastKnownFileType = file.xib; path = ForgotPasswordViewController.xib; sourceTree = "<group>"; };
		A54E892422E21CFB00886DBE /* FirebaseUtils.swift */ = {isa = PBXFileReference; lastKnownFileType = sourcecode.swift; path = FirebaseUtils.swift; sourceTree = "<group>"; };
		A54E892822E220B000886DBE /* Category.swift */ = {isa = PBXFileReference; lastKnownFileType = sourcecode.swift; path = Category.swift; sourceTree = "<group>"; };
		A56534D622DCBEC90047E0FE /* LoginStoryboard.storyboard */ = {isa = PBXFileReference; lastKnownFileType = file.storyboard; path = LoginStoryboard.storyboard; sourceTree = "<group>"; };
		A56534D822DCCC980047E0FE /* GoogleService-Info.plist */ = {isa = PBXFileReference; fileEncoding = 4; lastKnownFileType = text.plist.xml; path = "GoogleService-Info.plist"; sourceTree = "<group>"; };
		A56534DA22DCCD660047E0FE /* GoogleService-Info.plist */ = {isa = PBXFileReference; fileEncoding = 4; lastKnownFileType = text.plist.xml; path = "GoogleService-Info.plist"; sourceTree = "<group>"; };
		A56534DE22DE09F90047E0FE /* LoginViewController.swift */ = {isa = PBXFileReference; lastKnownFileType = sourcecode.swift; path = LoginViewController.swift; sourceTree = "<group>"; };
		A56534E022DE0A050047E0FE /* RegisterViewController.swift */ = {isa = PBXFileReference; lastKnownFileType = sourcecode.swift; path = RegisterViewController.swift; sourceTree = "<group>"; };
		A56534E322DE0D6B0047E0FE /* Extensions.swift */ = {isa = PBXFileReference; lastKnownFileType = sourcecode.swift; path = Extensions.swift; sourceTree = "<group>"; };
		A56534E522DE10DA0047E0FE /* Constants.swift */ = {isa = PBXFileReference; lastKnownFileType = sourcecode.swift; path = Constants.swift; sourceTree = "<group>"; };
		A56534E822DF53970047E0FE /* RoundedViews.swift */ = {isa = PBXFileReference; lastKnownFileType = sourcecode.swift; path = RoundedViews.swift; sourceTree = "<group>"; };
		A570E7DD22FB07C9006A3B4C /* UserService.swift */ = {isa = PBXFileReference; lastKnownFileType = sourcecode.swift; path = UserService.swift; sourceTree = "<group>"; };
		A5C9B23C22F08D88007D90B3 /* AddEditCategoryViewController.swift */ = {isa = PBXFileReference; lastKnownFileType = sourcecode.swift; path = AddEditCategoryViewController.swift; sourceTree = "<group>"; };
		A5CD7A7822FDABC200B16237 /* CheckoutViewController.swift */ = {isa = PBXFileReference; lastKnownFileType = sourcecode.swift; path = CheckoutViewController.swift; sourceTree = "<group>"; };
		A5CD7A7A22FDAE9500B16237 /* CardItemCell.swift */ = {isa = PBXFileReference; lastKnownFileType = sourcecode.swift; path = CardItemCell.swift; sourceTree = "<group>"; };
		A5CD7A7B22FDAE9500B16237 /* CardItemCell.xib */ = {isa = PBXFileReference; lastKnownFileType = file.xib; path = CardItemCell.xib; sourceTree = "<group>"; };
		A5CD7A7F22FDB0B700B16237 /* StripeCart.swift */ = {isa = PBXFileReference; lastKnownFileType = sourcecode.swift; path = StripeCart.swift; sourceTree = "<group>"; };
		A5D13AA422EF37B900F6EA4E /* ProductDetailViewController.swift */ = {isa = PBXFileReference; lastKnownFileType = sourcecode.swift; path = ProductDetailViewController.swift; sourceTree = "<group>"; };
		A5D13AA522EF37B900F6EA4E /* ProductDetailViewController.xib */ = {isa = PBXFileReference; lastKnownFileType = file.xib; path = ProductDetailViewController.xib; sourceTree = "<group>"; };
		A5D7308922F9C0D300149E00 /* User.swift */ = {isa = PBXFileReference; lastKnownFileType = sourcecode.swift; path = User.swift; sourceTree = "<group>"; };
		A5EC3DF122E5F2190042FF72 /* CategoryCell.swift */ = {isa = PBXFileReference; lastKnownFileType = sourcecode.swift; path = CategoryCell.swift; sourceTree = "<group>"; };
		A5EC3DF222E5F2190042FF72 /* CategoryCell.xib */ = {isa = PBXFileReference; lastKnownFileType = file.xib; path = CategoryCell.xib; sourceTree = "<group>"; };
		A5EC3DF922E5F7BA0042FF72 /* ProductsViewController.swift */ = {isa = PBXFileReference; lastKnownFileType = sourcecode.swift; path = ProductsViewController.swift; sourceTree = "<group>"; };
		A5EC3DFC22E5F8240042FF72 /* Product.swift */ = {isa = PBXFileReference; lastKnownFileType = sourcecode.swift; path = Product.swift; sourceTree = "<group>"; };
		A5EC3DFF22E5F8EA0042FF72 /* ProductCell.swift */ = {isa = PBXFileReference; lastKnownFileType = sourcecode.swift; path = ProductCell.swift; sourceTree = "<group>"; };
		A5EC3E0022E5F8EA0042FF72 /* ProductCell.xib */ = {isa = PBXFileReference; lastKnownFileType = file.xib; path = ProductCell.xib; sourceTree = "<group>"; };
/* End PBXFileReference section */

/* Begin PBXFrameworksBuildPhase section */
		92A73BB822DBACEA002AFB70 /* Frameworks */ = {
			isa = PBXFrameworksBuildPhase;
			buildActionMask = 2147483647;
			files = (
				B2F5F37697CB16FD2762172E /* Pods_Artable.framework in Frameworks */,
			);
			runOnlyForDeploymentPostprocessing = 0;
		};
		92A73BD122DBAD58002AFB70 /* Frameworks */ = {
			isa = PBXFrameworksBuildPhase;
			buildActionMask = 2147483647;
			files = (
				E4E0BB397F2582686A1A76F7 /* Pods_ArtableAdmin.framework in Frameworks */,
			);
			runOnlyForDeploymentPostprocessing = 0;
		};
/* End PBXFrameworksBuildPhase section */

/* Begin PBXGroup section */
		92A73BB222DBACEA002AFB70 = {
			isa = PBXGroup;
			children = (
				92A73BE622DBAD93002AFB70 /* Shared */,
				92A73BBD22DBACEA002AFB70 /* Artable */,
				92A73BD522DBAD58002AFB70 /* ArtableAdmin */,
				92A73BBC22DBACEA002AFB70 /* Products */,
				E34CF4B33EEC89DC864A5BE4 /* Pods */,
				9E4C2FE95F0608243CE65FC9 /* Frameworks */,
			);
			sourceTree = "<group>";
		};
		92A73BBC22DBACEA002AFB70 /* Products */ = {
			isa = PBXGroup;
			children = (
				92A73BBB22DBACEA002AFB70 /* Artable.app */,
				92A73BD422DBAD58002AFB70 /* ArtableAdmin.app */,
			);
			name = Products;
			sourceTree = "<group>";
		};
		92A73BBD22DBACEA002AFB70 /* Artable */ = {
			isa = PBXGroup;
			children = (
				A5CD7A7E22FDB0A600B16237 /* Stripe */,
				A570E7DC22FB07BA006A3B4C /* Services */,
				A54E891F22E0BBBC00886DBE /* XIBs */,
				A56534E722DF53810047E0FE /* Views */,
				A56534DC22DE08960047E0FE /* Storyboards */,
				A56534DD22DE09BD0047E0FE /* Controllers */,
				92A73BBE22DBACEA002AFB70 /* AppDelegate.swift */,
				A56534D822DCCC980047E0FE /* GoogleService-Info.plist */,
				92A73BCA22DBACEB002AFB70 /* Info.plist */,
			);
			path = Artable;
			sourceTree = "<group>";
		};
		92A73BD522DBAD58002AFB70 /* ArtableAdmin */ = {
			isa = PBXGroup;
			children = (
				A5C9B23E22F08D91007D90B3 /* Controllers */,
				92A73BDA22DBAD58002AFB70 /* Main.storyboard */,
				92A73BD622DBAD58002AFB70 /* AppDelegate.swift */,
				92A73BDF22DBAD59002AFB70 /* LaunchScreen.storyboard */,
				92A73BE222DBAD59002AFB70 /* Info.plist */,
				A56534DA22DCCD660047E0FE /* GoogleService-Info.plist */,
			);
			path = ArtableAdmin;
			sourceTree = "<group>";
		};
		92A73BE622DBAD93002AFB70 /* Shared */ = {
			isa = PBXGroup;
			children = (
				A5EC3DF822E5F2340042FF72 /* XIBs */,
				A5EC3DF722E5F21F0042FF72 /* Views */,
				A54E892722E2208900886DBE /* Models */,
				A56534E222DE0D5B0047E0FE /* Utils */,
				92A73BC522DBACEB002AFB70 /* Assets.xcassets */,
			);
			path = Shared;
			sourceTree = "<group>";
		};
		9E4C2FE95F0608243CE65FC9 /* Frameworks */ = {
			isa = PBXGroup;
			children = (
				5EE17469429C4864C087F8DC /* Pods_Artable.framework */,
				9E926DF0CA410FDFF0F7BB9A /* Pods_ArtableAdmin.framework */,
			);
			name = Frameworks;
			sourceTree = "<group>";
		};
		A54E891F22E0BBBC00886DBE /* XIBs */ = {
			isa = PBXGroup;
			children = (
				A5CD7A7B22FDAE9500B16237 /* CardItemCell.xib */,
				A54E892122E0BBDB00886DBE /* ForgotPasswordViewController.xib */,
				A5D13AA522EF37B900F6EA4E /* ProductDetailViewController.xib */,
			);
			path = XIBs;
			sourceTree = "<group>";
		};
		A54E892722E2208900886DBE /* Models */ = {
			isa = PBXGroup;
			children = (
				A54E892822E220B000886DBE /* Category.swift */,
				A5EC3DFC22E5F8240042FF72 /* Product.swift */,
				A5D7308922F9C0D300149E00 /* User.swift */,
			);
			path = Models;
			sourceTree = "<group>";
		};
		A56534DC22DE08960047E0FE /* Storyboards */ = {
			isa = PBXGroup;
			children = (
				92A73BC222DBACEA002AFB70 /* Main.storyboard */,
				92A73BC722DBACEB002AFB70 /* LaunchScreen.storyboard */,
				A56534D622DCBEC90047E0FE /* LoginStoryboard.storyboard */,
			);
			path = Storyboards;
			sourceTree = "<group>";
		};
		A56534DD22DE09BD0047E0FE /* Controllers */ = {
			isa = PBXGroup;
			children = (
				A5D13AA422EF37B900F6EA4E /* ProductDetailViewController.swift */,
				92A73BC022DBACEA002AFB70 /* HomeViewController.swift */,
				A56534DE22DE09F90047E0FE /* LoginViewController.swift */,
				A56534E022DE0A050047E0FE /* RegisterViewController.swift */,
				A54E892022E0BBDB00886DBE /* ForgotPasswordViewController.swift */,
				A5EC3DF922E5F7BA0042FF72 /* ProductsViewController.swift */,
				A5CD7A7822FDABC200B16237 /* CheckoutViewController.swift */,
			);
			path = Controllers;
			sourceTree = "<group>";
		};
		A56534E222DE0D5B0047E0FE /* Utils */ = {
			isa = PBXGroup;
			children = (
				A56534E322DE0D6B0047E0FE /* Extensions.swift */,
				A56534E522DE10DA0047E0FE /* Constants.swift */,
				A54E892422E21CFB00886DBE /* FirebaseUtils.swift */,
			);
			path = Utils;
			sourceTree = "<group>";
		};
		A56534E722DF53810047E0FE /* Views */ = {
			isa = PBXGroup;
			children = (
				A5CD7A7A22FDAE9500B16237 /* CardItemCell.swift */,
			);
			path = Views;
			sourceTree = "<group>";
		};
		A570E7DC22FB07BA006A3B4C /* Services */ = {
			isa = PBXGroup;
			children = (
				A570E7DD22FB07C9006A3B4C /* UserService.swift */,
			);
			path = Services;
			sourceTree = "<group>";
		};
		A5C9B23E22F08D91007D90B3 /* Controllers */ = {
			isa = PBXGroup;
			children = (
				92A73BD822DBAD58002AFB70 /* AdminHomeViewController.swift */,
				A5C9B23C22F08D88007D90B3 /* AddEditCategoryViewController.swift */,
				A52FBC4622F48B1D00173A9B /* AdminProductsViewController.swift */,
				A52FBC4822F48D4900173A9B /* AddEditProductViewController.swift */,
			);
			path = Controllers;
			sourceTree = "<group>";
		};
		A5CD7A7E22FDB0A600B16237 /* Stripe */ = {
			isa = PBXGroup;
			children = (
				A5CD7A7F22FDB0B700B16237 /* StripeCart.swift */,
			);
			path = Stripe;
			sourceTree = "<group>";
		};
		A5EC3DF722E5F21F0042FF72 /* Views */ = {
			isa = PBXGroup;
			children = (
				A56534E822DF53970047E0FE /* RoundedViews.swift */,
				A5EC3DF122E5F2190042FF72 /* CategoryCell.swift */,
				A5EC3DFF22E5F8EA0042FF72 /* ProductCell.swift */,
			);
			path = Views;
			sourceTree = "<group>";
		};
		A5EC3DF822E5F2340042FF72 /* XIBs */ = {
			isa = PBXGroup;
			children = (
				A5EC3DF222E5F2190042FF72 /* CategoryCell.xib */,
				A5EC3E0022E5F8EA0042FF72 /* ProductCell.xib */,
			);
			path = XIBs;
			sourceTree = "<group>";
		};
		E34CF4B33EEC89DC864A5BE4 /* Pods */ = {
			isa = PBXGroup;
			children = (
				01DB327C41D8E405A17DB827 /* Pods-Artable.debug.xcconfig */,
				68747D27C427AC5BAC38A0F3 /* Pods-Artable.release.xcconfig */,
				0A3D2BD36CEA864F3C083A16 /* Pods-ArtableAdmin.debug.xcconfig */,
				2FF3F729B4BFC37C7D6E68BC /* Pods-ArtableAdmin.release.xcconfig */,
			);
			name = Pods;
			sourceTree = "<group>";
		};
/* End PBXGroup section */

/* Begin PBXNativeTarget section */
		92A73BBA22DBACEA002AFB70 /* Artable */ = {
			isa = PBXNativeTarget;
			buildConfigurationList = 92A73BCD22DBACEB002AFB70 /* Build configuration list for PBXNativeTarget "Artable" */;
			buildPhases = (
				CCE5A8708D059EA24EE3B95F /* [CP] Check Pods Manifest.lock */,
				92A73BB722DBACEA002AFB70 /* Sources */,
				92A73BB822DBACEA002AFB70 /* Frameworks */,
				92A73BB922DBACEA002AFB70 /* Resources */,
				9753DD80386806EC46EC5535 /* [CP] Embed Pods Frameworks */,
			);
			buildRules = (
			);
			dependencies = (
			);
			name = Artable;
			productName = Artable;
			productReference = 92A73BBB22DBACEA002AFB70 /* Artable.app */;
			productType = "com.apple.product-type.application";
		};
		92A73BD322DBAD58002AFB70 /* ArtableAdmin */ = {
			isa = PBXNativeTarget;
			buildConfigurationList = 92A73BE322DBAD59002AFB70 /* Build configuration list for PBXNativeTarget "ArtableAdmin" */;
			buildPhases = (
				7A1BA33A2B8AD17E10CF4E5C /* [CP] Check Pods Manifest.lock */,
				92A73BD022DBAD58002AFB70 /* Sources */,
				92A73BD122DBAD58002AFB70 /* Frameworks */,
				92A73BD222DBAD58002AFB70 /* Resources */,
				2150827157D3C131E679DEEB /* [CP] Embed Pods Frameworks */,
			);
			buildRules = (
			);
			dependencies = (
			);
			name = ArtableAdmin;
			productName = ArtableAdmin;
			productReference = 92A73BD422DBAD58002AFB70 /* ArtableAdmin.app */;
			productType = "com.apple.product-type.application";
		};
/* End PBXNativeTarget section */

/* Begin PBXProject section */
		92A73BB322DBACEA002AFB70 /* Project object */ = {
			isa = PBXProject;
			attributes = {
				LastSwiftUpdateCheck = 1020;
				LastUpgradeCheck = 1020;
				ORGANIZATIONNAME = "Vladimir Burmistrovich";
				TargetAttributes = {
					92A73BBA22DBACEA002AFB70 = {
						CreatedOnToolsVersion = 10.2.1;
					};
					92A73BD322DBAD58002AFB70 = {
						CreatedOnToolsVersion = 10.2.1;
					};
				};
			};
			buildConfigurationList = 92A73BB622DBACEA002AFB70 /* Build configuration list for PBXProject "Artable" */;
			compatibilityVersion = "Xcode 9.3";
			developmentRegion = en;
			hasScannedForEncodings = 0;
			knownRegions = (
				en,
				Base,
			);
			mainGroup = 92A73BB222DBACEA002AFB70;
			productRefGroup = 92A73BBC22DBACEA002AFB70 /* Products */;
			projectDirPath = "";
			projectRoot = "";
			targets = (
				92A73BBA22DBACEA002AFB70 /* Artable */,
				92A73BD322DBAD58002AFB70 /* ArtableAdmin */,
			);
		};
/* End PBXProject section */

/* Begin PBXResourcesBuildPhase section */
		92A73BB922DBACEA002AFB70 /* Resources */ = {
			isa = PBXResourcesBuildPhase;
			buildActionMask = 2147483647;
			files = (
				A54E892322E0BBDB00886DBE /* ForgotPasswordViewController.xib in Resources */,
				A5EC3E0322E5F8EA0042FF72 /* ProductCell.xib in Resources */,
				A5EC3DF522E5F2190042FF72 /* CategoryCell.xib in Resources */,
				92A73BC922DBACEB002AFB70 /* LaunchScreen.storyboard in Resources */,
				92A73BC622DBACEB002AFB70 /* Assets.xcassets in Resources */,
				A5D13AA722EF37B900F6EA4E /* ProductDetailViewController.xib in Resources */,
				A56534D922DCCC980047E0FE /* GoogleService-Info.plist in Resources */,
				92A73BC422DBACEA002AFB70 /* Main.storyboard in Resources */,
				A5CD7A7D22FDAE9500B16237 /* CardItemCell.xib in Resources */,
				A56534D722DCBEC90047E0FE /* LoginStoryboard.storyboard in Resources */,
			);
			runOnlyForDeploymentPostprocessing = 0;
		};
		92A73BD222DBAD58002AFB70 /* Resources */ = {
			isa = PBXResourcesBuildPhase;
			buildActionMask = 2147483647;
			files = (
				A5EC3DF622E5F2190042FF72 /* CategoryCell.xib in Resources */,
				92A73BE122DBAD59002AFB70 /* LaunchScreen.storyboard in Resources */,
				A56534DB22DCCD660047E0FE /* GoogleService-Info.plist in Resources */,
				A5C9B23B22F08CDB007D90B3 /* ProductDetailViewController.xib in Resources */,
				A5EC3E0422E5F8EA0042FF72 /* ProductCell.xib in Resources */,
				92A73BE722DBADB0002AFB70 /* Assets.xcassets in Resources */,
				92A73BDC22DBAD58002AFB70 /* Main.storyboard in Resources */,
			);
			runOnlyForDeploymentPostprocessing = 0;
		};
/* End PBXResourcesBuildPhase section */

/* Begin PBXShellScriptBuildPhase section */
		2150827157D3C131E679DEEB /* [CP] Embed Pods Frameworks */ = {
			isa = PBXShellScriptBuildPhase;
			buildActionMask = 2147483647;
			files = (
			);
			inputPaths = (
				"${SRCROOT}/Pods/Target Support Files/Pods-ArtableAdmin/Pods-ArtableAdmin-frameworks.sh",
				"${BUILT_PRODUCTS_DIR}/BoringSSL-GRPC/openssl_grpc.framework",
				"${BUILT_PRODUCTS_DIR}/GTMSessionFetcher/GTMSessionFetcher.framework",
				"${BUILT_PRODUCTS_DIR}/GoogleUtilities/GoogleUtilities.framework",
				"${BUILT_PRODUCTS_DIR}/IQKeyboardManagerSwift/IQKeyboardManagerSwift.framework",
				"${BUILT_PRODUCTS_DIR}/Kingfisher/Kingfisher.framework",
				"${BUILT_PRODUCTS_DIR}/Protobuf/Protobuf.framework",
				"${BUILT_PRODUCTS_DIR}/gRPC-C++/grpcpp.framework",
				"${BUILT_PRODUCTS_DIR}/gRPC-Core/grpc.framework",
				"${BUILT_PRODUCTS_DIR}/leveldb-library/leveldb.framework",
				"${BUILT_PRODUCTS_DIR}/nanopb/nanopb.framework",
			);
			name = "[CP] Embed Pods Frameworks";
			outputPaths = (
				"${TARGET_BUILD_DIR}/${FRAMEWORKS_FOLDER_PATH}/openssl_grpc.framework",
				"${TARGET_BUILD_DIR}/${FRAMEWORKS_FOLDER_PATH}/GTMSessionFetcher.framework",
				"${TARGET_BUILD_DIR}/${FRAMEWORKS_FOLDER_PATH}/GoogleUtilities.framework",
				"${TARGET_BUILD_DIR}/${FRAMEWORKS_FOLDER_PATH}/IQKeyboardManagerSwift.framework",
				"${TARGET_BUILD_DIR}/${FRAMEWORKS_FOLDER_PATH}/Kingfisher.framework",
				"${TARGET_BUILD_DIR}/${FRAMEWORKS_FOLDER_PATH}/Protobuf.framework",
				"${TARGET_BUILD_DIR}/${FRAMEWORKS_FOLDER_PATH}/grpcpp.framework",
				"${TARGET_BUILD_DIR}/${FRAMEWORKS_FOLDER_PATH}/grpc.framework",
				"${TARGET_BUILD_DIR}/${FRAMEWORKS_FOLDER_PATH}/leveldb.framework",
				"${TARGET_BUILD_DIR}/${FRAMEWORKS_FOLDER_PATH}/nanopb.framework",
			);
			runOnlyForDeploymentPostprocessing = 0;
			shellPath = /bin/sh;
			shellScript = "\"${SRCROOT}/Pods/Target Support Files/Pods-ArtableAdmin/Pods-ArtableAdmin-frameworks.sh\"\n";
			showEnvVarsInLog = 0;
		};
		7A1BA33A2B8AD17E10CF4E5C /* [CP] Check Pods Manifest.lock */ = {
			isa = PBXShellScriptBuildPhase;
			buildActionMask = 2147483647;
			files = (
			);
			inputPaths = (
				"${PODS_PODFILE_DIR_PATH}/Podfile.lock",
				"${PODS_ROOT}/Manifest.lock",
			);
			name = "[CP] Check Pods Manifest.lock";
			outputPaths = (
				"$(DERIVED_FILE_DIR)/Pods-ArtableAdmin-checkManifestLockResult.txt",
			);
			runOnlyForDeploymentPostprocessing = 0;
			shellPath = /bin/sh;
			shellScript = "diff \"${PODS_PODFILE_DIR_PATH}/Podfile.lock\" \"${PODS_ROOT}/Manifest.lock\" > /dev/null\nif [ $? != 0 ] ; then\n    # print error to STDERR\n    echo \"error: The sandbox is not in sync with the Podfile.lock. Run 'pod install' or update your CocoaPods installation.\" >&2\n    exit 1\nfi\n# This output is used by Xcode 'outputs' to avoid re-running this script phase.\necho \"SUCCESS\" > \"${SCRIPT_OUTPUT_FILE_0}\"\n";
			showEnvVarsInLog = 0;
		};
		9753DD80386806EC46EC5535 /* [CP] Embed Pods Frameworks */ = {
			isa = PBXShellScriptBuildPhase;
			buildActionMask = 2147483647;
			files = (
			);
			inputPaths = (
				"${SRCROOT}/Pods/Target Support Files/Pods-Artable/Pods-Artable-frameworks.sh",
				"${BUILT_PRODUCTS_DIR}/BoringSSL-GRPC/openssl_grpc.framework",
				"${BUILT_PRODUCTS_DIR}/GTMSessionFetcher/GTMSessionFetcher.framework",
				"${BUILT_PRODUCTS_DIR}/GoogleUtilities/GoogleUtilities.framework",
				"${BUILT_PRODUCTS_DIR}/IQKeyboardManagerSwift/IQKeyboardManagerSwift.framework",
				"${BUILT_PRODUCTS_DIR}/Kingfisher/Kingfisher.framework",
				"${BUILT_PRODUCTS_DIR}/Protobuf/Protobuf.framework",
				"${BUILT_PRODUCTS_DIR}/Stripe/Stripe.framework",
				"${BUILT_PRODUCTS_DIR}/gRPC-C++/grpcpp.framework",
				"${BUILT_PRODUCTS_DIR}/gRPC-Core/grpc.framework",
				"${BUILT_PRODUCTS_DIR}/leveldb-library/leveldb.framework",
				"${BUILT_PRODUCTS_DIR}/nanopb/nanopb.framework",
			);
			name = "[CP] Embed Pods Frameworks";
			outputPaths = (
				"${TARGET_BUILD_DIR}/${FRAMEWORKS_FOLDER_PATH}/openssl_grpc.framework",
				"${TARGET_BUILD_DIR}/${FRAMEWORKS_FOLDER_PATH}/GTMSessionFetcher.framework",
				"${TARGET_BUILD_DIR}/${FRAMEWORKS_FOLDER_PATH}/GoogleUtilities.framework",
				"${TARGET_BUILD_DIR}/${FRAMEWORKS_FOLDER_PATH}/IQKeyboardManagerSwift.framework",
				"${TARGET_BUILD_DIR}/${FRAMEWORKS_FOLDER_PATH}/Kingfisher.framework",
				"${TARGET_BUILD_DIR}/${FRAMEWORKS_FOLDER_PATH}/Protobuf.framework",
				"${TARGET_BUILD_DIR}/${FRAMEWORKS_FOLDER_PATH}/Stripe.framework",
				"${TARGET_BUILD_DIR}/${FRAMEWORKS_FOLDER_PATH}/grpcpp.framework",
				"${TARGET_BUILD_DIR}/${FRAMEWORKS_FOLDER_PATH}/grpc.framework",
				"${TARGET_BUILD_DIR}/${FRAMEWORKS_FOLDER_PATH}/leveldb.framework",
				"${TARGET_BUILD_DIR}/${FRAMEWORKS_FOLDER_PATH}/nanopb.framework",
			);
			runOnlyForDeploymentPostprocessing = 0;
			shellPath = /bin/sh;
			shellScript = "\"${SRCROOT}/Pods/Target Support Files/Pods-Artable/Pods-Artable-frameworks.sh\"\n";
			showEnvVarsInLog = 0;
		};
		CCE5A8708D059EA24EE3B95F /* [CP] Check Pods Manifest.lock */ = {
			isa = PBXShellScriptBuildPhase;
			buildActionMask = 2147483647;
			files = (
			);
			inputPaths = (
				"${PODS_PODFILE_DIR_PATH}/Podfile.lock",
				"${PODS_ROOT}/Manifest.lock",
			);
			name = "[CP] Check Pods Manifest.lock";
			outputPaths = (
				"$(DERIVED_FILE_DIR)/Pods-Artable-checkManifestLockResult.txt",
			);
			runOnlyForDeploymentPostprocessing = 0;
			shellPath = /bin/sh;
			shellScript = "diff \"${PODS_PODFILE_DIR_PATH}/Podfile.lock\" \"${PODS_ROOT}/Manifest.lock\" > /dev/null\nif [ $? != 0 ] ; then\n    # print error to STDERR\n    echo \"error: The sandbox is not in sync with the Podfile.lock. Run 'pod install' or update your CocoaPods installation.\" >&2\n    exit 1\nfi\n# This output is used by Xcode 'outputs' to avoid re-running this script phase.\necho \"SUCCESS\" > \"${SCRIPT_OUTPUT_FILE_0}\"\n";
			showEnvVarsInLog = 0;
		};
/* End PBXShellScriptBuildPhase section */

/* Begin PBXSourcesBuildPhase section */
		92A73BB722DBACEA002AFB70 /* Sources */ = {
			isa = PBXSourcesBuildPhase;
			buildActionMask = 2147483647;
			files = (
				A5CD7A8022FDB0B700B16237 /* StripeCart.swift in Sources */,
				A54E892522E21CFB00886DBE /* FirebaseUtils.swift in Sources */,
				A54E892922E220B000886DBE /* Category.swift in Sources */,
				A5D13AA622EF37B900F6EA4E /* ProductDetailViewController.swift in Sources */,
				A5CD7A7C22FDAE9500B16237 /* CardItemCell.swift in Sources */,
				A54E892222E0BBDB00886DBE /* ForgotPasswordViewController.swift in Sources */,
				A5D7308A22F9C0D300149E00 /* User.swift in Sources */,
				A56534E422DE0D6B0047E0FE /* Extensions.swift in Sources */,
				A570E7DE22FB07C9006A3B4C /* UserService.swift in Sources */,
				A56534DF22DE09F90047E0FE /* LoginViewController.swift in Sources */,
				A5EC3E0122E5F8EA0042FF72 /* ProductCell.swift in Sources */,
				92A73BC122DBACEA002AFB70 /* HomeViewController.swift in Sources */,
				A5EC3DFA22E5F7BA0042FF72 /* ProductsViewController.swift in Sources */,
				92A73BBF22DBACEA002AFB70 /* AppDelegate.swift in Sources */,
				A56534E922DF53970047E0FE /* RoundedViews.swift in Sources */,
				A56534E122DE0A050047E0FE /* RegisterViewController.swift in Sources */,
				A56534E622DE10DA0047E0FE /* Constants.swift in Sources */,
				A5EC3DF322E5F2190042FF72 /* CategoryCell.swift in Sources */,
				A5CD7A7922FDABC200B16237 /* CheckoutViewController.swift in Sources */,
				A5EC3DFD22E5F8240042FF72 /* Product.swift in Sources */,
			);
			runOnlyForDeploymentPostprocessing = 0;
		};
		92A73BD022DBAD58002AFB70 /* Sources */ = {
			isa = PBXSourcesBuildPhase;
			buildActionMask = 2147483647;
			files = (
				A5C9B23922F08C5B007D90B3 /* RoundedViews.swift in Sources */,
				A5EC3DFB22E5F7D80042FF72 /* ProductsViewController.swift in Sources */,
				A5C9B23D22F08D88007D90B3 /* AddEditCategoryViewController.swift in Sources */,
				A5C9B23822F08C35007D90B3 /* Constants.swift in Sources */,
				A54E892622E21D8800886DBE /* FirebaseUtils.swift in Sources */,
				A5C9B23A22F08CD1007D90B3 /* ProductDetailViewController.swift in Sources */,
				92A73BD922DBAD58002AFB70 /* AdminHomeViewController.swift in Sources */,
				92A73BD722DBAD58002AFB70 /* AppDelegate.swift in Sources */,
				A52FBC4722F48B1D00173A9B /* AdminProductsViewController.swift in Sources */,
				A54E892A22E220B000886DBE /* Category.swift in Sources */,
				A5C9B23722F08C31007D90B3 /* Extensions.swift in Sources */,
				A5C9B23622F08B6A007D90B3 /* HomeViewController.swift in Sources */,
				A52FBC4922F48D4900173A9B /* AddEditProductViewController.swift in Sources */,
				A5EC3E0222E5F8EA0042FF72 /* ProductCell.swift in Sources */,
				A5EC3DF422E5F2190042FF72 /* CategoryCell.swift in Sources */,
				A5EC3DFE22E5F8240042FF72 /* Product.swift in Sources */,
			);
			runOnlyForDeploymentPostprocessing = 0;
		};
/* End PBXSourcesBuildPhase section */

/* Begin PBXVariantGroup section */
		92A73BC222DBACEA002AFB70 /* Main.storyboard */ = {
			isa = PBXVariantGroup;
			children = (
				92A73BC322DBACEA002AFB70 /* Base */,
			);
			name = Main.storyboard;
			sourceTree = "<group>";
		};
		92A73BC722DBACEB002AFB70 /* LaunchScreen.storyboard */ = {
			isa = PBXVariantGroup;
			children = (
				92A73BC822DBACEB002AFB70 /* Base */,
			);
			name = LaunchScreen.storyboard;
			sourceTree = "<group>";
		};
		92A73BDA22DBAD58002AFB70 /* Main.storyboard */ = {
			isa = PBXVariantGroup;
			children = (
				92A73BDB22DBAD58002AFB70 /* Base */,
			);
			name = Main.storyboard;
			sourceTree = "<group>";
		};
		92A73BDF22DBAD59002AFB70 /* LaunchScreen.storyboard */ = {
			isa = PBXVariantGroup;
			children = (
				92A73BE022DBAD59002AFB70 /* Base */,
			);
			name = LaunchScreen.storyboard;
			sourceTree = "<group>";
		};
/* End PBXVariantGroup section */

/* Begin XCBuildConfiguration section */
		92A73BCB22DBACEB002AFB70 /* Debug */ = {
			isa = XCBuildConfiguration;
			buildSettings = {
				ALWAYS_SEARCH_USER_PATHS = NO;
				CLANG_ANALYZER_NONNULL = YES;
				CLANG_ANALYZER_NUMBER_OBJECT_CONVERSION = YES_AGGRESSIVE;
				CLANG_CXX_LANGUAGE_STANDARD = "gnu++14";
				CLANG_CXX_LIBRARY = "libc++";
				CLANG_ENABLE_MODULES = YES;
				CLANG_ENABLE_OBJC_ARC = YES;
				CLANG_ENABLE_OBJC_WEAK = YES;
				CLANG_WARN_BLOCK_CAPTURE_AUTORELEASING = YES;
				CLANG_WARN_BOOL_CONVERSION = YES;
				CLANG_WARN_COMMA = YES;
				CLANG_WARN_CONSTANT_CONVERSION = YES;
				CLANG_WARN_DEPRECATED_OBJC_IMPLEMENTATIONS = YES;
				CLANG_WARN_DIRECT_OBJC_ISA_USAGE = YES_ERROR;
				CLANG_WARN_DOCUMENTATION_COMMENTS = YES;
				CLANG_WARN_EMPTY_BODY = YES;
				CLANG_WARN_ENUM_CONVERSION = YES;
				CLANG_WARN_INFINITE_RECURSION = YES;
				CLANG_WARN_INT_CONVERSION = YES;
				CLANG_WARN_NON_LITERAL_NULL_CONVERSION = YES;
				CLANG_WARN_OBJC_IMPLICIT_RETAIN_SELF = YES;
				CLANG_WARN_OBJC_LITERAL_CONVERSION = YES;
				CLANG_WARN_OBJC_ROOT_CLASS = YES_ERROR;
				CLANG_WARN_RANGE_LOOP_ANALYSIS = YES;
				CLANG_WARN_STRICT_PROTOTYPES = YES;
				CLANG_WARN_SUSPICIOUS_MOVE = YES;
				CLANG_WARN_UNGUARDED_AVAILABILITY = YES_AGGRESSIVE;
				CLANG_WARN_UNREACHABLE_CODE = YES;
				CLANG_WARN__DUPLICATE_METHOD_MATCH = YES;
				CODE_SIGN_IDENTITY = "iPhone Developer";
				COPY_PHASE_STRIP = NO;
				DEBUG_INFORMATION_FORMAT = dwarf;
				ENABLE_STRICT_OBJC_MSGSEND = YES;
				ENABLE_TESTABILITY = YES;
				GCC_C_LANGUAGE_STANDARD = gnu11;
				GCC_DYNAMIC_NO_PIC = NO;
				GCC_NO_COMMON_BLOCKS = YES;
				GCC_OPTIMIZATION_LEVEL = 0;
				GCC_PREPROCESSOR_DEFINITIONS = (
					"DEBUG=1",
					"$(inherited)",
				);
				GCC_WARN_64_TO_32_BIT_CONVERSION = YES;
				GCC_WARN_ABOUT_RETURN_TYPE = YES_ERROR;
				GCC_WARN_UNDECLARED_SELECTOR = YES;
				GCC_WARN_UNINITIALIZED_AUTOS = YES_AGGRESSIVE;
				GCC_WARN_UNUSED_FUNCTION = YES;
				GCC_WARN_UNUSED_VARIABLE = YES;
				IPHONEOS_DEPLOYMENT_TARGET = 12.2;
				MTL_ENABLE_DEBUG_INFO = INCLUDE_SOURCE;
				MTL_FAST_MATH = YES;
				ONLY_ACTIVE_ARCH = YES;
				SDKROOT = iphoneos;
				SWIFT_ACTIVE_COMPILATION_CONDITIONS = DEBUG;
				SWIFT_OPTIMIZATION_LEVEL = "-Onone";
			};
			name = Debug;
		};
		92A73BCC22DBACEB002AFB70 /* Release */ = {
			isa = XCBuildConfiguration;
			buildSettings = {
				ALWAYS_SEARCH_USER_PATHS = NO;
				CLANG_ANALYZER_NONNULL = YES;
				CLANG_ANALYZER_NUMBER_OBJECT_CONVERSION = YES_AGGRESSIVE;
				CLANG_CXX_LANGUAGE_STANDARD = "gnu++14";
				CLANG_CXX_LIBRARY = "libc++";
				CLANG_ENABLE_MODULES = YES;
				CLANG_ENABLE_OBJC_ARC = YES;
				CLANG_ENABLE_OBJC_WEAK = YES;
				CLANG_WARN_BLOCK_CAPTURE_AUTORELEASING = YES;
				CLANG_WARN_BOOL_CONVERSION = YES;
				CLANG_WARN_COMMA = YES;
				CLANG_WARN_CONSTANT_CONVERSION = YES;
				CLANG_WARN_DEPRECATED_OBJC_IMPLEMENTATIONS = YES;
				CLANG_WARN_DIRECT_OBJC_ISA_USAGE = YES_ERROR;
				CLANG_WARN_DOCUMENTATION_COMMENTS = YES;
				CLANG_WARN_EMPTY_BODY = YES;
				CLANG_WARN_ENUM_CONVERSION = YES;
				CLANG_WARN_INFINITE_RECURSION = YES;
				CLANG_WARN_INT_CONVERSION = YES;
				CLANG_WARN_NON_LITERAL_NULL_CONVERSION = YES;
				CLANG_WARN_OBJC_IMPLICIT_RETAIN_SELF = YES;
				CLANG_WARN_OBJC_LITERAL_CONVERSION = YES;
				CLANG_WARN_OBJC_ROOT_CLASS = YES_ERROR;
				CLANG_WARN_RANGE_LOOP_ANALYSIS = YES;
				CLANG_WARN_STRICT_PROTOTYPES = YES;
				CLANG_WARN_SUSPICIOUS_MOVE = YES;
				CLANG_WARN_UNGUARDED_AVAILABILITY = YES_AGGRESSIVE;
				CLANG_WARN_UNREACHABLE_CODE = YES;
				CLANG_WARN__DUPLICATE_METHOD_MATCH = YES;
				CODE_SIGN_IDENTITY = "iPhone Developer";
				COPY_PHASE_STRIP = NO;
				DEBUG_INFORMATION_FORMAT = "dwarf-with-dsym";
				ENABLE_NS_ASSERTIONS = NO;
				ENABLE_STRICT_OBJC_MSGSEND = YES;
				GCC_C_LANGUAGE_STANDARD = gnu11;
				GCC_NO_COMMON_BLOCKS = YES;
				GCC_WARN_64_TO_32_BIT_CONVERSION = YES;
				GCC_WARN_ABOUT_RETURN_TYPE = YES_ERROR;
				GCC_WARN_UNDECLARED_SELECTOR = YES;
				GCC_WARN_UNINITIALIZED_AUTOS = YES_AGGRESSIVE;
				GCC_WARN_UNUSED_FUNCTION = YES;
				GCC_WARN_UNUSED_VARIABLE = YES;
				IPHONEOS_DEPLOYMENT_TARGET = 12.2;
				MTL_ENABLE_DEBUG_INFO = NO;
				MTL_FAST_MATH = YES;
				SDKROOT = iphoneos;
				SWIFT_COMPILATION_MODE = wholemodule;
				SWIFT_OPTIMIZATION_LEVEL = "-O";
				VALIDATE_PRODUCT = YES;
			};
			name = Release;
		};
		92A73BCE22DBACEB002AFB70 /* Debug */ = {
			isa = XCBuildConfiguration;
			baseConfigurationReference = 01DB327C41D8E405A17DB827 /* Pods-Artable.debug.xcconfig */;
			buildSettings = {
				ASSETCATALOG_COMPILER_APPICON_NAME = AppIcon;
				CODE_SIGN_STYLE = Automatic;
				DEVELOPMENT_TEAM = 7B6BJ8WR9X;
				INFOPLIST_FILE = Artable/Info.plist;
				IPHONEOS_DEPLOYMENT_TARGET = 11.0;
				LD_RUNPATH_SEARCH_PATHS = (
					"$(inherited)",
					"@executable_path/Frameworks",
				);
				PRODUCT_BUNDLE_IDENTIFIER = com.burmistrovich.Artable;
				PRODUCT_NAME = "$(TARGET_NAME)";
				SWIFT_VERSION = 5.0;
				TARGETED_DEVICE_FAMILY = "1,2";
			};
			name = Debug;
		};
		92A73BCF22DBACEB002AFB70 /* Release */ = {
			isa = XCBuildConfiguration;
			baseConfigurationReference = 68747D27C427AC5BAC38A0F3 /* Pods-Artable.release.xcconfig */;
			buildSettings = {
				ASSETCATALOG_COMPILER_APPICON_NAME = AppIcon;
				CODE_SIGN_STYLE = Automatic;
				DEVELOPMENT_TEAM = 7B6BJ8WR9X;
				INFOPLIST_FILE = Artable/Info.plist;
				IPHONEOS_DEPLOYMENT_TARGET = 11.0;
				LD_RUNPATH_SEARCH_PATHS = (
					"$(inherited)",
					"@executable_path/Frameworks",
				);
				PRODUCT_BUNDLE_IDENTIFIER = com.burmistrovich.Artable;
				PRODUCT_NAME = "$(TARGET_NAME)";
				SWIFT_VERSION = 5.0;
				TARGETED_DEVICE_FAMILY = "1,2";
			};
			name = Release;
		};
		92A73BE422DBAD59002AFB70 /* Debug */ = {
			isa = XCBuildConfiguration;
			baseConfigurationReference = 0A3D2BD36CEA864F3C083A16 /* Pods-ArtableAdmin.debug.xcconfig */;
			buildSettings = {
				ASSETCATALOG_COMPILER_APPICON_NAME = AppIcon;
				CODE_SIGN_STYLE = Automatic;
				DEVELOPMENT_TEAM = 7B6BJ8WR9X;
				INFOPLIST_FILE = ArtableAdmin/Info.plist;
				IPHONEOS_DEPLOYMENT_TARGET = 11.0;
				LD_RUNPATH_SEARCH_PATHS = (
					"$(inherited)",
					"@executable_path/Frameworks",
				);
				PRODUCT_BUNDLE_IDENTIFIER = com.burmistrovich.ArtableAdmin;
				PRODUCT_NAME = "$(TARGET_NAME)";
				SWIFT_VERSION = 5.0;
				TARGETED_DEVICE_FAMILY = "1,2";
			};
			name = Debug;
		};
		92A73BE522DBAD59002AFB70 /* Release */ = {
			isa = XCBuildConfiguration;
			baseConfigurationReference = 2FF3F729B4BFC37C7D6E68BC /* Pods-ArtableAdmin.release.xcconfig */;
			buildSettings = {
				ASSETCATALOG_COMPILER_APPICON_NAME = AppIcon;
				CODE_SIGN_STYLE = Automatic;
				DEVELOPMENT_TEAM = 7B6BJ8WR9X;
				INFOPLIST_FILE = ArtableAdmin/Info.plist;
				IPHONEOS_DEPLOYMENT_TARGET = 11.0;
				LD_RUNPATH_SEARCH_PATHS = (
					"$(inherited)",
					"@executable_path/Frameworks",
				);
				PRODUCT_BUNDLE_IDENTIFIER = com.burmistrovich.ArtableAdmin;
				PRODUCT_NAME = "$(TARGET_NAME)";
				SWIFT_VERSION = 5.0;
				TARGETED_DEVICE_FAMILY = "1,2";
			};
			name = Release;
		};
/* End XCBuildConfiguration section */

/* Begin XCConfigurationList section */
		92A73BB622DBACEA002AFB70 /* Build configuration list for PBXProject "Artable" */ = {
			isa = XCConfigurationList;
			buildConfigurations = (
				92A73BCB22DBACEB002AFB70 /* Debug */,
				92A73BCC22DBACEB002AFB70 /* Release */,
			);
			defaultConfigurationIsVisible = 0;
			defaultConfigurationName = Release;
		};
		92A73BCD22DBACEB002AFB70 /* Build configuration list for PBXNativeTarget "Artable" */ = {
			isa = XCConfigurationList;
			buildConfigurations = (
				92A73BCE22DBACEB002AFB70 /* Debug */,
				92A73BCF22DBACEB002AFB70 /* Release */,
			);
			defaultConfigurationIsVisible = 0;
			defaultConfigurationName = Release;
		};
		92A73BE322DBAD59002AFB70 /* Build configuration list for PBXNativeTarget "ArtableAdmin" */ = {
			isa = XCConfigurationList;
			buildConfigurations = (
				92A73BE422DBAD59002AFB70 /* Debug */,
				92A73BE522DBAD59002AFB70 /* Release */,
			);
			defaultConfigurationIsVisible = 0;
			defaultConfigurationName = Release;
		};
/* End XCConfigurationList section */
	};
	rootObject = 92A73BB322DBACEA002AFB70 /* Project object */;
}
