// !$*UTF8*$!
{
	archiveVersion = 1;
	classes = {
	};
	objectVersion = 50;
	objects = {

/* Begin PBXBuildFile section */
		92A73BBF22DBACEA002AFB70 /* AppDelegate.swift in Sources */ = {isa = PBXBuildFile; fileRef = 92A73BBE22DBACEA002AFB70 /* AppDelegate.swift */; };
		92A73BC122DBACEA002AFB70 /* ViewController.swift in Sources */ = {isa = PBXBuildFile; fileRef = 92A73BC022DBACEA002AFB70 /* ViewController.swift */; };
		92A73BC422DBACEA002AFB70 /* Main.storyboard in Resources */ = {isa = PBXBuildFile; fileRef = 92A73BC222DBACEA002AFB70 /* Main.storyboard */; };
		92A73BC622DBACEB002AFB70 /* Assets.xcassets in Resources */ = {isa = PBXBuildFile; fileRef = 92A73BC522DBACEB002AFB70 /* Assets.xcassets */; };
		92A73BC922DBACEB002AFB70 /* LaunchScreen.storyboard in Resources */ = {isa = PBXBuildFile; fileRef = 92A73BC722DBACEB002AFB70 /* LaunchScreen.storyboard */; };
		92A73BD722DBAD58002AFB70 /* AppDelegate.swift in Sources */ = {isa = PBXBuildFile; fileRef = 92A73BD622DBAD58002AFB70 /* AppDelegate.swift */; };
		92A73BD922DBAD58002AFB70 /* ViewController.swift in Sources */ = {isa = PBXBuildFile; fileRef = 92A73BD822DBAD58002AFB70 /* ViewController.swift */; };
		92A73BDC22DBAD58002AFB70 /* Main.storyboard in Resources */ = {isa = PBXBuildFile; fileRef = 92A73BDA22DBAD58002AFB70 /* Main.storyboard */; };
		92A73BE122DBAD59002AFB70 /* LaunchScreen.storyboard in Resources */ = {isa = PBXBuildFile; fileRef = 92A73BDF22DBAD59002AFB70 /* LaunchScreen.storyboard */; };
		92A73BE722DBADB0002AFB70 /* Assets.xcassets in Resources */ = {isa = PBXBuildFile; fileRef = 92A73BC522DBACEB002AFB70 /* Assets.xcassets */; };
		A56534D722DCBEC90047E0FE /* LoginStoryboard.storyboard in Resources */ = {isa = PBXBuildFile; fileRef = A56534D622DCBEC90047E0FE /* LoginStoryboard.storyboard */; };
/* End PBXBuildFile section */

/* Begin PBXFileReference section */
		92A73BBB22DBACEA002AFB70 /* Artable.app */ = {isa = PBXFileReference; explicitFileType = wrapper.application; includeInIndex = 0; path = Artable.app; sourceTree = BUILT_PRODUCTS_DIR; };
		92A73BBE22DBACEA002AFB70 /* AppDelegate.swift */ = {isa = PBXFileReference; lastKnownFileType = sourcecode.swift; path = AppDelegate.swift; sourceTree = "<group>"; };
		92A73BC022DBACEA002AFB70 /* ViewController.swift */ = {isa = PBXFileReference; lastKnownFileType = sourcecode.swift; path = ViewController.swift; sourceTree = "<group>"; };
		92A73BC322DBACEA002AFB70 /* Base */ = {isa = PBXFileReference; lastKnownFileType = file.storyboard; name = Base; path = Base.lproj/Main.storyboard; sourceTree = "<group>"; };
		92A73BC522DBACEB002AFB70 /* Assets.xcassets */ = {isa = PBXFileReference; lastKnownFileType = folder.assetcatalog; path = Assets.xcassets; sourceTree = "<group>"; };
		92A73BC822DBACEB002AFB70 /* Base */ = {isa = PBXFileReference; lastKnownFileType = file.storyboard; name = Base; path = Base.lproj/LaunchScreen.storyboard; sourceTree = "<group>"; };
		92A73BCA22DBACEB002AFB70 /* Info.plist */ = {isa = PBXFileReference; lastKnownFileType = text.plist.xml; path = Info.plist; sourceTree = "<group>"; };
		92A73BD422DBAD58002AFB70 /* ArtableAdmin.app */ = {isa = PBXFileReference; explicitFileType = wrapper.application; includeInIndex = 0; path = ArtableAdmin.app; sourceTree = BUILT_PRODUCTS_DIR; };
		92A73BD622DBAD58002AFB70 /* AppDelegate.swift */ = {isa = PBXFileReference; lastKnownFileType = sourcecode.swift; path = AppDelegate.swift; sourceTree = "<group>"; };
		92A73BD822DBAD58002AFB70 /* ViewController.swift */ = {isa = PBXFileReference; lastKnownFileType = sourcecode.swift; path = ViewController.swift; sourceTree = "<group>"; };
		92A73BDB22DBAD58002AFB70 /* Base */ = {isa = PBXFileReference; lastKnownFileType = file.storyboard; name = Base; path = Base.lproj/Main.storyboard; sourceTree = "<group>"; };
		92A73BE022DBAD59002AFB70 /* Base */ = {isa = PBXFileReference; lastKnownFileType = file.storyboard; name = Base; path = Base.lproj/LaunchScreen.storyboard; sourceTree = "<group>"; };
		92A73BE222DBAD59002AFB70 /* Info.plist */ = {isa = PBXFileReference; lastKnownFileType = text.plist.xml; path = Info.plist; sourceTree = "<group>"; };
		A56534D622DCBEC90047E0FE /* LoginStoryboard.storyboard */ = {isa = PBXFileReference; lastKnownFileType = file.storyboard; path = LoginStoryboard.storyboard; sourceTree = "<group>"; };
/* End PBXFileReference section */

/* Begin PBXFrameworksBuildPhase section */
		92A73BB822DBACEA002AFB70 /* Frameworks */ = {
			isa = PBXFrameworksBuildPhase;
			buildActionMask = 2147483647;
			files = (
			);
			runOnlyForDeploymentPostprocessing = 0;
		};
		92A73BD122DBAD58002AFB70 /* Frameworks */ = {
			isa = PBXFrameworksBuildPhase;
			buildActionMask = 2147483647;
			files = (
			);
			runOnlyForDeploymentPostprocessing = 0;
		};
/* End PBXFrameworksBuildPhase section */

/* Begin PBXGroup section */
		92A73BB222DBACEA002AFB70 = {
			isa = PBXGroup;
			children = (
				92A73BE622DBAD93002AFB70 /* Shared */,
				92A73BBD22DBACEA002AFB70 /* Artable */,
				92A73BD522DBAD58002AFB70 /* ArtableAdmin */,
				92A73BBC22DBACEA002AFB70 /* Products */,
			);
			sourceTree = "<group>";
		};
		92A73BBC22DBACEA002AFB70 /* Products */ = {
			isa = PBXGroup;
			children = (
				92A73BBB22DBACEA002AFB70 /* Artable.app */,
				92A73BD422DBAD58002AFB70 /* ArtableAdmin.app */,
			);
			name = Products;
			sourceTree = "<group>";
		};
		92A73BBD22DBACEA002AFB70 /* Artable */ = {
			isa = PBXGroup;
			children = (
				92A73BBE22DBACEA002AFB70 /* AppDelegate.swift */,
				92A73BC022DBACEA002AFB70 /* ViewController.swift */,
				92A73BC222DBACEA002AFB70 /* Main.storyboard */,
				92A73BC722DBACEB002AFB70 /* LaunchScreen.storyboard */,
				92A73BCA22DBACEB002AFB70 /* Info.plist */,
				A56534D622DCBEC90047E0FE /* LoginStoryboard.storyboard */,
			);
			path = Artable;
			sourceTree = "<group>";
		};
		92A73BD522DBAD58002AFB70 /* ArtableAdmin */ = {
			isa = PBXGroup;
			children = (
				92A73BD622DBAD58002AFB70 /* AppDelegate.swift */,
				92A73BD822DBAD58002AFB70 /* ViewController.swift */,
				92A73BDA22DBAD58002AFB70 /* Main.storyboard */,
				92A73BDF22DBAD59002AFB70 /* LaunchScreen.storyboard */,
				92A73BE222DBAD59002AFB70 /* Info.plist */,
			);
			path = ArtableAdmin;
			sourceTree = "<group>";
		};
		92A73BE622DBAD93002AFB70 /* Shared */ = {
			isa = PBXGroup;
			children = (
				92A73BC522DBACEB002AFB70 /* Assets.xcassets */,
			);
			path = Shared;
			sourceTree = "<group>";
		};
/* End PBXGroup section */

/* Begin PBXNativeTarget section */
		92A73BBA22DBACEA002AFB70 /* Artable */ = {
			isa = PBXNativeTarget;
			buildConfigurationList = 92A73BCD22DBACEB002AFB70 /* Build configuration list for PBXNativeTarget "Artable" */;
			buildPhases = (
				92A73BB722DBACEA002AFB70 /* Sources */,
				92A73BB822DBACEA002AFB70 /* Frameworks */,
				92A73BB922DBACEA002AFB70 /* Resources */,
			);
			buildRules = (
			);
			dependencies = (
			);
			name = Artable;
			productName = Artable;
			productReference = 92A73BBB22DBACEA002AFB70 /* Artable.app */;
			productType = "com.apple.product-type.application";
		};
		92A73BD322DBAD58002AFB70 /* ArtableAdmin */ = {
			isa = PBXNativeTarget;
			buildConfigurationList = 92A73BE322DBAD59002AFB70 /* Build configuration list for PBXNativeTarget "ArtableAdmin" */;
			buildPhases = (
				92A73BD022DBAD58002AFB70 /* Sources */,
				92A73BD122DBAD58002AFB70 /* Frameworks */,
				92A73BD222DBAD58002AFB70 /* Resources */,
			);
			buildRules = (
			);
			dependencies = (
			);
			name = ArtableAdmin;
			productName = ArtableAdmin;
			productReference = 92A73BD422DBAD58002AFB70 /* ArtableAdmin.app */;
			productType = "com.apple.product-type.application";
		};
/* End PBXNativeTarget section */

/* Begin PBXProject section */
		92A73BB322DBACEA002AFB70 /* Project object */ = {
			isa = PBXProject;
			attributes = {
				LastSwiftUpdateCheck = 1020;
				LastUpgradeCheck = 1020;
				ORGANIZATIONNAME = "Vladimir Burmistrovich";
				TargetAttributes = {
					92A73BBA22DBACEA002AFB70 = {
						CreatedOnToolsVersion = 10.2.1;
					};
					92A73BD322DBAD58002AFB70 = {
						CreatedOnToolsVersion = 10.2.1;
					};
				};
			};
			buildConfigurationList = 92A73BB622DBACEA002AFB70 /* Build configuration list for PBXProject "Artable" */;
			compatibilityVersion = "Xcode 9.3";
			developmentRegion = en;
			hasScannedForEncodings = 0;
			knownRegions = (
				en,
				Base,
			);
			mainGroup = 92A73BB222DBACEA002AFB70;
			productRefGroup = 92A73BBC22DBACEA002AFB70 /* Products */;
			projectDirPath = "";
			projectRoot = "";
			targets = (
				92A73BBA22DBACEA002AFB70 /* Artable */,
				92A73BD322DBAD58002AFB70 /* ArtableAdmin */,
			);
		};
/* End PBXProject section */

/* Begin PBXResourcesBuildPhase section */
		92A73BB922DBACEA002AFB70 /* Resources */ = {
			isa = PBXResourcesBuildPhase;
			buildActionMask = 2147483647;
			files = (
				92A73BC922DBACEB002AFB70 /* LaunchScreen.storyboard in Resources */,
				92A73BC622DBACEB002AFB70 /* Assets.xcassets in Resources */,
				92A73BC422DBACEA002AFB70 /* Main.storyboard in Resources */,
				A56534D722DCBEC90047E0FE /* LoginStoryboard.storyboard in Resources */,
			);
			runOnlyForDeploymentPostprocessing = 0;
		};
		92A73BD222DBAD58002AFB70 /* Resources */ = {
			isa = PBXResourcesBuildPhase;
			buildActionMask = 2147483647;
			files = (
				92A73BE122DBAD59002AFB70 /* LaunchScreen.storyboard in Resources */,
				92A73BE722DBADB0002AFB70 /* Assets.xcassets in Resources */,
				92A73BDC22DBAD58002AFB70 /* Main.storyboard in Resources */,
			);
			runOnlyForDeploymentPostprocessing = 0;
		};
/* End PBXResourcesBuildPhase section */

/* Begin PBXSourcesBuildPhase section */
		92A73BB722DBACEA002AFB70 /* Sources */ = {
			isa = PBXSourcesBuildPhase;
			buildActionMask = 2147483647;
			files = (
				92A73BC122DBACEA002AFB70 /* ViewController.swift in Sources */,
				92A73BBF22DBACEA002AFB70 /* AppDelegate.swift in Sources */,
			);
			runOnlyForDeploymentPostprocessing = 0;
		};
		92A73BD022DBAD58002AFB70 /* Sources */ = {
			isa = PBXSourcesBuildPhase;
			buildActionMask = 2147483647;
			files = (
				92A73BD922DBAD58002AFB70 /* ViewController.swift in Sources */,
				92A73BD722DBAD58002AFB70 /* AppDelegate.swift in Sources */,
			);
			runOnlyForDeploymentPostprocessing = 0;
		};
/* End PBXSourcesBuildPhase section */

/* Begin PBXVariantGroup section */
		92A73BC222DBACEA002AFB70 /* Main.storyboard */ = {
			isa = PBXVariantGroup;
			children = (
				92A73BC322DBACEA002AFB70 /* Base */,
			);
			name = Main.storyboard;
			sourceTree = "<group>";
		};
		92A73BC722DBACEB002AFB70 /* LaunchScreen.storyboard */ = {
			isa = PBXVariantGroup;
			children = (
				92A73BC822DBACEB002AFB70 /* Base */,
			);
			name = LaunchScreen.storyboard;
			sourceTree = "<group>";
		};
		92A73BDA22DBAD58002AFB70 /* Main.storyboard */ = {
			isa = PBXVariantGroup;
			children = (
				92A73BDB22DBAD58002AFB70 /* Base */,
			);
			name = Main.storyboard;
			sourceTree = "<group>";
		};
		92A73BDF22DBAD59002AFB70 /* LaunchScreen.storyboard */ = {
			isa = PBXVariantGroup;
			children = (
				92A73BE022DBAD59002AFB70 /* Base */,
			);
			name = LaunchScreen.storyboard;
			sourceTree = "<group>";
		};
/* End PBXVariantGroup section */

/* Begin XCBuildConfiguration section */
		92A73BCB22DBACEB002AFB70 /* Debug */ = {
			isa = XCBuildConfiguration;
			buildSettings = {
				ALWAYS_SEARCH_USER_PATHS = NO;
				CLANG_ANALYZER_NONNULL = YES;
				CLANG_ANALYZER_NUMBER_OBJECT_CONVERSION = YES_AGGRESSIVE;
				CLANG_CXX_LANGUAGE_STANDARD = "gnu++14";
				CLANG_CXX_LIBRARY = "libc++";
				CLANG_ENABLE_MODULES = YES;
				CLANG_ENABLE_OBJC_ARC = YES;
				CLANG_ENABLE_OBJC_WEAK = YES;
				CLANG_WARN_BLOCK_CAPTURE_AUTORELEASING = YES;
				CLANG_WARN_BOOL_CONVERSION = YES;
				CLANG_WARN_COMMA = YES;
				CLANG_WARN_CONSTANT_CONVERSION = YES;
				CLANG_WARN_DEPRECATED_OBJC_IMPLEMENTATIONS = YES;
				CLANG_WARN_DIRECT_OBJC_ISA_USAGE = YES_ERROR;
				CLANG_WARN_DOCUMENTATION_COMMENTS = YES;
				CLANG_WARN_EMPTY_BODY = YES;
				CLANG_WARN_ENUM_CONVERSION = YES;
				CLANG_WARN_INFINITE_RECURSION = YES;
				CLANG_WARN_INT_CONVERSION = YES;
				CLANG_WARN_NON_LITERAL_NULL_CONVERSION = YES;
				CLANG_WARN_OBJC_IMPLICIT_RETAIN_SELF = YES;
				CLANG_WARN_OBJC_LITERAL_CONVERSION = YES;
				CLANG_WARN_OBJC_ROOT_CLASS = YES_ERROR;
				CLANG_WARN_RANGE_LOOP_ANALYSIS = YES;
				CLANG_WARN_STRICT_PROTOTYPES = YES;
				CLANG_WARN_SUSPICIOUS_MOVE = YES;
				CLANG_WARN_UNGUARDED_AVAILABILITY = YES_AGGRESSIVE;
				CLANG_WARN_UNREACHABLE_CODE = YES;
				CLANG_WARN__DUPLICATE_METHOD_MATCH = YES;
				CODE_SIGN_IDENTITY = "iPhone Developer";
				COPY_PHASE_STRIP = NO;
				DEBUG_INFORMATION_FORMAT = dwarf;
				ENABLE_STRICT_OBJC_MSGSEND = YES;
				ENABLE_TESTABILITY = YES;
				GCC_C_LANGUAGE_STANDARD = gnu11;
				GCC_DYNAMIC_NO_PIC = NO;
				GCC_NO_COMMON_BLOCKS = YES;
				GCC_OPTIMIZATION_LEVEL = 0;
				GCC_PREPROCESSOR_DEFINITIONS = (
					"DEBUG=1",
					"$(inherited)",
				);
				GCC_WARN_64_TO_32_BIT_CONVERSION = YES;
				GCC_WARN_ABOUT_RETURN_TYPE = YES_ERROR;
				GCC_WARN_UNDECLARED_SELECTOR = YES;
				GCC_WARN_UNINITIALIZED_AUTOS = YES_AGGRESSIVE;
				GCC_WARN_UNUSED_FUNCTION = YES;
				GCC_WARN_UNUSED_VARIABLE = YES;
				IPHONEOS_DEPLOYMENT_TARGET = 12.2;
				MTL_ENABLE_DEBUG_INFO = INCLUDE_SOURCE;
				MTL_FAST_MATH = YES;
				ONLY_ACTIVE_ARCH = YES;
				SDKROOT = iphoneos;
				SWIFT_ACTIVE_COMPILATION_CONDITIONS = DEBUG;
				SWIFT_OPTIMIZATION_LEVEL = "-Onone";
			};
			name = Debug;
		};
		92A73BCC22DBACEB002AFB70 /* Release */ = {
			isa = XCBuildConfiguration;
			buildSettings = {
				ALWAYS_SEARCH_USER_PATHS = NO;
				CLANG_ANALYZER_NONNULL = YES;
				CLANG_ANALYZER_NUMBER_OBJECT_CONVERSION = YES_AGGRESSIVE;
				CLANG_CXX_LANGUAGE_STANDARD = "gnu++14";
				CLANG_CXX_LIBRARY = "libc++";
				CLANG_ENABLE_MODULES = YES;
				CLANG_ENABLE_OBJC_ARC = YES;
				CLANG_ENABLE_OBJC_WEAK = YES;
				CLANG_WARN_BLOCK_CAPTURE_AUTORELEASING = YES;
				CLANG_WARN_BOOL_CONVERSION = YES;
				CLANG_WARN_COMMA = YES;
				CLANG_WARN_CONSTANT_CONVERSION = YES;
				CLANG_WARN_DEPRECATED_OBJC_IMPLEMENTATIONS = YES;
				CLANG_WARN_DIRECT_OBJC_ISA_USAGE = YES_ERROR;
				CLANG_WARN_DOCUMENTATION_COMMENTS = YES;
				CLANG_WARN_EMPTY_BODY = YES;
				CLANG_WARN_ENUM_CONVERSION = YES;
				CLANG_WARN_INFINITE_RECURSION = YES;
				CLANG_WARN_INT_CONVERSION = YES;
				CLANG_WARN_NON_LITERAL_NULL_CONVERSION = YES;
				CLANG_WARN_OBJC_IMPLICIT_RETAIN_SELF = YES;
				CLANG_WARN_OBJC_LITERAL_CONVERSION = YES;
				CLANG_WARN_OBJC_ROOT_CLASS = YES_ERROR;
				CLANG_WARN_RANGE_LOOP_ANALYSIS = YES;
				CLANG_WARN_STRICT_PROTOTYPES = YES;
				CLANG_WARN_SUSPICIOUS_MOVE = YES;
				CLANG_WARN_UNGUARDED_AVAILABILITY = YES_AGGRESSIVE;
				CLANG_WARN_UNREACHABLE_CODE = YES;
				CLANG_WARN__DUPLICATE_METHOD_MATCH = YES;
				CODE_SIGN_IDENTITY = "iPhone Developer";
				COPY_PHASE_STRIP = NO;
				DEBUG_INFORMATION_FORMAT = "dwarf-with-dsym";
				ENABLE_NS_ASSERTIONS = NO;
				ENABLE_STRICT_OBJC_MSGSEND = YES;
				GCC_C_LANGUAGE_STANDARD = gnu11;
				GCC_NO_COMMON_BLOCKS = YES;
				GCC_WARN_64_TO_32_BIT_CONVERSION = YES;
				GCC_WARN_ABOUT_RETURN_TYPE = YES_ERROR;
				GCC_WARN_UNDECLARED_SELECTOR = YES;
				GCC_WARN_UNINITIALIZED_AUTOS = YES_AGGRESSIVE;
				GCC_WARN_UNUSED_FUNCTION = YES;
				GCC_WARN_UNUSED_VARIABLE = YES;
				IPHONEOS_DEPLOYMENT_TARGET = 12.2;
				MTL_ENABLE_DEBUG_INFO = NO;
				MTL_FAST_MATH = YES;
				SDKROOT = iphoneos;
				SWIFT_COMPILATION_MODE = wholemodule;
				SWIFT_OPTIMIZATION_LEVEL = "-O";
				VALIDATE_PRODUCT = YES;
			};
			name = Release;
		};
		92A73BCE22DBACEB002AFB70 /* Debug */ = {
			isa = XCBuildConfiguration;
			buildSettings = {
				ASSETCATALOG_COMPILER_APPICON_NAME = AppIcon;
				CODE_SIGN_STYLE = Automatic;
				DEVELOPMENT_TEAM = 7B6BJ8WR9X;
				INFOPLIST_FILE = Artable/Info.plist;
				LD_RUNPATH_SEARCH_PATHS = (
					"$(inherited)",
					"@executable_path/Frameworks",
				);
				PRODUCT_BUNDLE_IDENTIFIER = com.burmistrovich.Artable;
				PRODUCT_NAME = "$(TARGET_NAME)";
				SWIFT_VERSION = 5.0;
				TARGETED_DEVICE_FAMILY = "1,2";
			};
			name = Debug;
		};
		92A73BCF22DBACEB002AFB70 /* Release */ = {
			isa = XCBuildConfiguration;
			buildSettings = {
				ASSETCATALOG_COMPILER_APPICON_NAME = AppIcon;
				CODE_SIGN_STYLE = Automatic;
				DEVELOPMENT_TEAM = 7B6BJ8WR9X;
				INFOPLIST_FILE = Artable/Info.plist;
				LD_RUNPATH_SEARCH_PATHS = (
					"$(inherited)",
					"@executable_path/Frameworks",
				);
				PRODUCT_BUNDLE_IDENTIFIER = com.burmistrovich.Artable;
				PRODUCT_NAME = "$(TARGET_NAME)";
				SWIFT_VERSION = 5.0;
				TARGETED_DEVICE_FAMILY = "1,2";
			};
			name = Release;
		};
		92A73BE422DBAD59002AFB70 /* Debug */ = {
			isa = XCBuildConfiguration;
			buildSettings = {
				ASSETCATALOG_COMPILER_APPICON_NAME = AppIcon;
				CODE_SIGN_STYLE = Automatic;
				DEVELOPMENT_TEAM = 7B6BJ8WR9X;
				INFOPLIST_FILE = ArtableAdmin/Info.plist;
				LD_RUNPATH_SEARCH_PATHS = (
					"$(inherited)",
					"@executable_path/Frameworks",
				);
				PRODUCT_BUNDLE_IDENTIFIER = com.burmistrovich.ArtableAdmin;
				PRODUCT_NAME = "$(TARGET_NAME)";
				SWIFT_VERSION = 5.0;
				TARGETED_DEVICE_FAMILY = "1,2";
			};
			name = Debug;
		};
		92A73BE522DBAD59002AFB70 /* Release */ = {
			isa = XCBuildConfiguration;
			buildSettings = {
				ASSETCATALOG_COMPILER_APPICON_NAME = AppIcon;
				CODE_SIGN_STYLE = Automatic;
				DEVELOPMENT_TEAM = 7B6BJ8WR9X;
				INFOPLIST_FILE = ArtableAdmin/Info.plist;
				LD_RUNPATH_SEARCH_PATHS = (
					"$(inherited)",
					"@executable_path/Frameworks",
				);
				PRODUCT_BUNDLE_IDENTIFIER = com.burmistrovich.ArtableAdmin;
				PRODUCT_NAME = "$(TARGET_NAME)";
				SWIFT_VERSION = 5.0;
				TARGETED_DEVICE_FAMILY = "1,2";
			};
			name = Release;
		};
/* End XCBuildConfiguration section */

/* Begin XCConfigurationList section */
		92A73BB622DBACEA002AFB70 /* Build configuration list for PBXProject "Artable" */ = {
			isa = XCConfigurationList;
			buildConfigurations = (
				92A73BCB22DBACEB002AFB70 /* Debug */,
				92A73BCC22DBACEB002AFB70 /* Release */,
			);
			defaultConfigurationIsVisible = 0;
			defaultConfigurationName = Release;
		};
		92A73BCD22DBACEB002AFB70 /* Build configuration list for PBXNativeTarget "Artable" */ = {
			isa = XCConfigurationList;
			buildConfigurations = (
				92A73BCE22DBACEB002AFB70 /* Debug */,
				92A73BCF22DBACEB002AFB70 /* Release */,
			);
			defaultConfigurationIsVisible = 0;
			defaultConfigurationName = Release;
		};
		92A73BE322DBAD59002AFB70 /* Build configuration list for PBXNativeTarget "ArtableAdmin" */ = {
			isa = XCConfigurationList;
			buildConfigurations = (
				92A73BE422DBAD59002AFB70 /* Debug */,
				92A73BE522DBAD59002AFB70 /* Release */,
			);
			defaultConfigurationIsVisible = 0;
			defaultConfigurationName = Release;
		};
/* End XCConfigurationList section */
	};
	rootObject = 92A73BB322DBACEA002AFB70 /* Project object */;
}
